// !$*UTF8*$!
{
	archiveVersion = 1;
	classes = {
	};
	objectVersion = 50;
	objects = {

/* Begin PBXBuildFile section */
		3240897224A5C26A00565501 /* MainTestView.swift in Sources */ = {isa = PBXBuildFile; fileRef = 3240897124A5C26A00565501 /* MainTestView.swift */; };
		3240897424A5C30000565501 /* ReportView.swift in Sources */ = {isa = PBXBuildFile; fileRef = 3240897324A5C30000565501 /* ReportView.swift */; };
		3245668524BBD2E80002DE4B /* ContentView.swift in Sources */ = {isa = PBXBuildFile; fileRef = 3245668424BBD2E80002DE4B /* ContentView.swift */; };
		3245668924BD10700002DE4B /* Test.swift in Sources */ = {isa = PBXBuildFile; fileRef = 3245668824BD10700002DE4B /* Test.swift */; };
		329A7398249EACA40090B97D /* ReportRow.swift in Sources */ = {isa = PBXBuildFile; fileRef = 329A7397249EACA40090B97D /* ReportRow.swift */; };
		329A739D249EB4C00090B97D /* BundleExtention.swift in Sources */ = {isa = PBXBuildFile; fileRef = 329A739C249EB4C00090B97D /* BundleExtention.swift */; };
		329A739F249F154F0090B97D /* SpellingTest1.json in Resources */ = {isa = PBXBuildFile; fileRef = 329A739E249F154F0090B97D /* SpellingTest1.json */; };
		329DE69B2497576F008957DA /* AppDelegate.swift in Sources */ = {isa = PBXBuildFile; fileRef = 329DE69A2497576F008957DA /* AppDelegate.swift */; };
		329DE69D2497576F008957DA /* SceneDelegate.swift in Sources */ = {isa = PBXBuildFile; fileRef = 329DE69C2497576F008957DA /* SceneDelegate.swift */; };
		329DE69F2497576F008957DA /* TestView.swift in Sources */ = {isa = PBXBuildFile; fileRef = 329DE69E2497576F008957DA /* TestView.swift */; };
		329DE6A124975772008957DA /* Assets.xcassets in Resources */ = {isa = PBXBuildFile; fileRef = 329DE6A024975772008957DA /* Assets.xcassets */; };
		329DE6A424975772008957DA /* Preview Assets.xcassets in Resources */ = {isa = PBXBuildFile; fileRef = 329DE6A324975772008957DA /* Preview Assets.xcassets */; };
		329DE6A724975772008957DA /* LaunchScreen.storyboard in Resources */ = {isa = PBXBuildFile; fileRef = 329DE6A524975772008957DA /* LaunchScreen.storyboard */; };
		32B9B81E24997DCB00BFE549 /* Models.swift in Sources */ = {isa = PBXBuildFile; fileRef = 32B9B81D24997DCB00BFE549 /* Models.swift */; };
/* End PBXBuildFile section */

/* Begin PBXFileReference section */
		3240897124A5C26A00565501 /* MainTestView.swift */ = {isa = PBXFileReference; lastKnownFileType = sourcecode.swift; path = MainTestView.swift; sourceTree = "<group>"; };
		3240897324A5C30000565501 /* ReportView.swift */ = {isa = PBXFileReference; lastKnownFileType = sourcecode.swift; path = ReportView.swift; sourceTree = "<group>"; };
		3245668424BBD2E80002DE4B /* ContentView.swift */ = {isa = PBXFileReference; lastKnownFileType = sourcecode.swift; path = ContentView.swift; sourceTree = "<group>"; };
		3245668824BD10700002DE4B /* Test.swift */ = {isa = PBXFileReference; lastKnownFileType = sourcecode.swift; path = Test.swift; sourceTree = "<group>"; };
		329A7397249EACA40090B97D /* ReportRow.swift */ = {isa = PBXFileReference; lastKnownFileType = sourcecode.swift; path = ReportRow.swift; sourceTree = "<group>"; };
		329A739C249EB4C00090B97D /* BundleExtention.swift */ = {isa = PBXFileReference; lastKnownFileType = sourcecode.swift; path = BundleExtention.swift; sourceTree = "<group>"; };
		329A739E249F154F0090B97D /* SpellingTest1.json */ = {isa = PBXFileReference; fileEncoding = 4; lastKnownFileType = text.json; path = SpellingTest1.json; sourceTree = "<group>"; };
		329DE6972497576F008957DA /* SpellingCheck.app */ = {isa = PBXFileReference; explicitFileType = wrapper.application; includeInIndex = 0; path = SpellingCheck.app; sourceTree = BUILT_PRODUCTS_DIR; };
		329DE69A2497576F008957DA /* AppDelegate.swift */ = {isa = PBXFileReference; lastKnownFileType = sourcecode.swift; path = AppDelegate.swift; sourceTree = "<group>"; };
		329DE69C2497576F008957DA /* SceneDelegate.swift */ = {isa = PBXFileReference; lastKnownFileType = sourcecode.swift; path = SceneDelegate.swift; sourceTree = "<group>"; };
		329DE69E2497576F008957DA /* TestView.swift */ = {isa = PBXFileReference; lastKnownFileType = sourcecode.swift; path = TestView.swift; sourceTree = "<group>"; };
		329DE6A024975772008957DA /* Assets.xcassets */ = {isa = PBXFileReference; lastKnownFileType = folder.assetcatalog; path = Assets.xcassets; sourceTree = "<group>"; };
		329DE6A324975772008957DA /* Preview Assets.xcassets */ = {isa = PBXFileReference; lastKnownFileType = folder.assetcatalog; path = "Preview Assets.xcassets"; sourceTree = "<group>"; };
		329DE6A624975772008957DA /* Base */ = {isa = PBXFileReference; lastKnownFileType = file.storyboard; name = Base; path = Base.lproj/LaunchScreen.storyboard; sourceTree = "<group>"; };
		329DE6A824975772008957DA /* Info.plist */ = {isa = PBXFileReference; lastKnownFileType = text.plist.xml; path = Info.plist; sourceTree = "<group>"; };
		32B9B81D24997DCB00BFE549 /* Models.swift */ = {isa = PBXFileReference; lastKnownFileType = sourcecode.swift; path = Models.swift; sourceTree = "<group>"; };
/* End PBXFileReference section */

/* Begin PBXFrameworksBuildPhase section */
		329DE6942497576F008957DA /* Frameworks */ = {
			isa = PBXFrameworksBuildPhase;
			buildActionMask = 2147483647;
			files = (
			);
			runOnlyForDeploymentPostprocessing = 0;
		};
/* End PBXFrameworksBuildPhase section */

/* Begin PBXGroup section */
		329DE68E2497576F008957DA = {
			isa = PBXGroup;
			children = (
				329DE6992497576F008957DA /* SpellingCheck */,
				329DE6982497576F008957DA /* Products */,
			);
			sourceTree = "<group>";
		};
		329DE6982497576F008957DA /* Products */ = {
			isa = PBXGroup;
			children = (
				329DE6972497576F008957DA /* SpellingCheck.app */,
			);
			name = Products;
			sourceTree = "<group>";
		};
		329DE6992497576F008957DA /* SpellingCheck */ = {
			isa = PBXGroup;
			children = (
				32B9B81F249A01A100BFE549 /* Resources */,
				329DE69A2497576F008957DA /* AppDelegate.swift */,
				3240897124A5C26A00565501 /* MainTestView.swift */,
				329A739C249EB4C00090B97D /* BundleExtention.swift */,
				3245668424BBD2E80002DE4B /* ContentView.swift */,
				329DE69C2497576F008957DA /* SceneDelegate.swift */,
				329A739E249F154F0090B97D /* SpellingTest1.json */,
				329DE69E2497576F008957DA /* TestView.swift */,
				3240897324A5C30000565501 /* ReportView.swift */,
				329A7397249EACA40090B97D /* ReportRow.swift */,
				32B9B81C2499770800BFE549 /* Models */,
				329DE6A024975772008957DA /* Assets.xcassets */,
				329DE6A524975772008957DA /* LaunchScreen.storyboard */,
				329DE6A824975772008957DA /* Info.plist */,
				329DE6A224975772008957DA /* Preview Content */,
			);
			path = SpellingCheck;
			sourceTree = "<group>";
		};
		329DE6A224975772008957DA /* Preview Content */ = {
			isa = PBXGroup;
			children = (
				329DE6A324975772008957DA /* Preview Assets.xcassets */,
			);
			path = "Preview Content";
			sourceTree = "<group>";
		};
		32B9B81C2499770800BFE549 /* Models */ = {
			isa = PBXGroup;
			children = (
				32B9B81D24997DCB00BFE549 /* Models.swift */,
				3245668824BD10700002DE4B /* Test.swift */,
			);
			path = Models;
			sourceTree = "<group>";
		};
		32B9B81F249A01A100BFE549 /* Resources */ = {
			isa = PBXGroup;
			children = (
			);
			path = Resources;
			sourceTree = "<group>";
		};
/* End PBXGroup section */

/* Begin PBXNativeTarget section */
		329DE6962497576F008957DA /* SpellingCheck */ = {
			isa = PBXNativeTarget;
			buildConfigurationList = 329DE6AB24975772008957DA /* Build configuration list for PBXNativeTarget "SpellingCheck" */;
			buildPhases = (
				329DE6932497576F008957DA /* Sources */,
				329DE6942497576F008957DA /* Frameworks */,
				329DE6952497576F008957DA /* Resources */,
			);
			buildRules = (
			);
			dependencies = (
			);
			name = SpellingCheck;
			productName = SpellingCheck;
			productReference = 329DE6972497576F008957DA /* SpellingCheck.app */;
			productType = "com.apple.product-type.application";
		};
/* End PBXNativeTarget section */

/* Begin PBXProject section */
		329DE68F2497576F008957DA /* Project object */ = {
			isa = PBXProject;
			attributes = {
				LastSwiftUpdateCheck = 1130;
				LastUpgradeCheck = 1130;
				ORGANIZATIONNAME = sjullieb;
				TargetAttributes = {
					329DE6962497576F008957DA = {
						CreatedOnToolsVersion = 11.3.1;
					};
				};
			};
			buildConfigurationList = 329DE6922497576F008957DA /* Build configuration list for PBXProject "SpellingCheck" */;
			compatibilityVersion = "Xcode 9.3";
			developmentRegion = en;
			hasScannedForEncodings = 0;
			knownRegions = (
				en,
				Base,
			);
			mainGroup = 329DE68E2497576F008957DA;
			productRefGroup = 329DE6982497576F008957DA /* Products */;
			projectDirPath = "";
			projectRoot = "";
			targets = (
				329DE6962497576F008957DA /* SpellingCheck */,
			);
		};
/* End PBXProject section */

/* Begin PBXResourcesBuildPhase section */
		329DE6952497576F008957DA /* Resources */ = {
			isa = PBXResourcesBuildPhase;
			buildActionMask = 2147483647;
			files = (
				329DE6A724975772008957DA /* LaunchScreen.storyboard in Resources */,
				329DE6A424975772008957DA /* Preview Assets.xcassets in Resources */,
				329DE6A124975772008957DA /* Assets.xcassets in Resources */,
				329A739F249F154F0090B97D /* SpellingTest1.json in Resources */,
			);
			runOnlyForDeploymentPostprocessing = 0;
		};
/* End PBXResourcesBuildPhase section */

/* Begin PBXSourcesBuildPhase section */
		329DE6932497576F008957DA /* Sources */ = {
			isa = PBXSourcesBuildPhase;
			buildActionMask = 2147483647;
			files = (
				3245668524BBD2E80002DE4B /* ContentView.swift in Sources */,
				329A7398249EACA40090B97D /* ReportRow.swift in Sources */,
				329A739D249EB4C00090B97D /* BundleExtention.swift in Sources */,
				3240897424A5C30000565501 /* ReportView.swift in Sources */,
				329DE69B2497576F008957DA /* AppDelegate.swift in Sources */,
				32B9B81E24997DCB00BFE549 /* Models.swift in Sources */,
				3240897224A5C26A00565501 /* MainTestView.swift in Sources */,
				3245668924BD10700002DE4B /* Test.swift in Sources */,
				329DE69D2497576F008957DA /* SceneDelegate.swift in Sources */,
				329DE69F2497576F008957DA /* TestView.swift in Sources */,
			);
			runOnlyForDeploymentPostprocessing = 0;
		};
/* End PBXSourcesBuildPhase section */

/* Begin PBXVariantGroup section */
		329DE6A524975772008957DA /* LaunchScreen.storyboard */ = {
			isa = PBXVariantGroup;
			children = (
				329DE6A624975772008957DA /* Base */,
			);
			name = LaunchScreen.storyboard;
			sourceTree = "<group>";
		};
/* End PBXVariantGroup section */

/* Begin XCBuildConfiguration section */
		329DE6A924975772008957DA /* Debug */ = {
			isa = XCBuildConfiguration;
			buildSettings = {
				ALWAYS_SEARCH_USER_PATHS = NO;
				CLANG_ANALYZER_NONNULL = YES;
				CLANG_ANALYZER_NUMBER_OBJECT_CONVERSION = YES_AGGRESSIVE;
				CLANG_CXX_LANGUAGE_STANDARD = "gnu++14";
				CLANG_CXX_LIBRARY = "libc++";
				CLANG_ENABLE_MODULES = YES;
				CLANG_ENABLE_OBJC_ARC = YES;
				CLANG_ENABLE_OBJC_WEAK = YES;
				CLANG_WARN_BLOCK_CAPTURE_AUTORELEASING = YES;
				CLANG_WARN_BOOL_CONVERSION = YES;
				CLANG_WARN_COMMA = YES;
				CLANG_WARN_CONSTANT_CONVERSION = YES;
				CLANG_WARN_DEPRECATED_OBJC_IMPLEMENTATIONS = YES;
				CLANG_WARN_DIRECT_OBJC_ISA_USAGE = YES_ERROR;
				CLANG_WARN_DOCUMENTATION_COMMENTS = YES;
				CLANG_WARN_EMPTY_BODY = YES;
				CLANG_WARN_ENUM_CONVERSION = YES;
				CLANG_WARN_INFINITE_RECURSION = YES;
				CLANG_WARN_INT_CONVERSION = YES;
				CLANG_WARN_NON_LITERAL_NULL_CONVERSION = YES;
				CLANG_WARN_OBJC_IMPLICIT_RETAIN_SELF = YES;
				CLANG_WARN_OBJC_LITERAL_CONVERSION = YES;
				CLANG_WARN_OBJC_ROOT_CLASS = YES_ERROR;
				CLANG_WARN_RANGE_LOOP_ANALYSIS = YES;
				CLANG_WARN_STRICT_PROTOTYPES = YES;
				CLANG_WARN_SUSPICIOUS_MOVE = YES;
				CLANG_WARN_UNGUARDED_AVAILABILITY = YES_AGGRESSIVE;
				CLANG_WARN_UNREACHABLE_CODE = YES;
				CLANG_WARN__DUPLICATE_METHOD_MATCH = YES;
				COPY_PHASE_STRIP = NO;
				DEBUG_INFORMATION_FORMAT = dwarf;
				ENABLE_STRICT_OBJC_MSGSEND = YES;
				ENABLE_TESTABILITY = YES;
				GCC_C_LANGUAGE_STANDARD = gnu11;
				GCC_DYNAMIC_NO_PIC = NO;
				GCC_NO_COMMON_BLOCKS = YES;
				GCC_OPTIMIZATION_LEVEL = 0;
				GCC_PREPROCESSOR_DEFINITIONS = (
					"DEBUG=1",
					"$(inherited)",
				);
				GCC_WARN_64_TO_32_BIT_CONVERSION = YES;
				GCC_WARN_ABOUT_RETURN_TYPE = YES_ERROR;
				GCC_WARN_UNDECLARED_SELECTOR = YES;
				GCC_WARN_UNINITIALIZED_AUTOS = YES_AGGRESSIVE;
				GCC_WARN_UNUSED_FUNCTION = YES;
				GCC_WARN_UNUSED_VARIABLE = YES;
				IPHONEOS_DEPLOYMENT_TARGET = 13.2;
				MTL_ENABLE_DEBUG_INFO = INCLUDE_SOURCE;
				MTL_FAST_MATH = YES;
				ONLY_ACTIVE_ARCH = YES;
				SDKROOT = iphoneos;
				SWIFT_ACTIVE_COMPILATION_CONDITIONS = DEBUG;
				SWIFT_OPTIMIZATION_LEVEL = "-Onone";
			};
			name = Debug;
		};
		329DE6AA24975772008957DA /* Release */ = {
			isa = XCBuildConfiguration;
			buildSettings = {
				ALWAYS_SEARCH_USER_PATHS = NO;
				CLANG_ANALYZER_NONNULL = YES;
				CLANG_ANALYZER_NUMBER_OBJECT_CONVERSION = YES_AGGRESSIVE;
				CLANG_CXX_LANGUAGE_STANDARD = "gnu++14";
				CLANG_CXX_LIBRARY = "libc++";
				CLANG_ENABLE_MODULES = YES;
				CLANG_ENABLE_OBJC_ARC = YES;
				CLANG_ENABLE_OBJC_WEAK = YES;
				CLANG_WARN_BLOCK_CAPTURE_AUTORELEASING = YES;
				CLANG_WARN_BOOL_CONVERSION = YES;
				CLANG_WARN_COMMA = YES;
				CLANG_WARN_CONSTANT_CONVERSION = YES;
				CLANG_WARN_DEPRECATED_OBJC_IMPLEMENTATIONS = YES;
				CLANG_WARN_DIRECT_OBJC_ISA_USAGE = YES_ERROR;
				CLANG_WARN_DOCUMENTATION_COMMENTS = YES;
				CLANG_WARN_EMPTY_BODY = YES;
				CLANG_WARN_ENUM_CONVERSION = YES;
				CLANG_WARN_INFINITE_RECURSION = YES;
				CLANG_WARN_INT_CONVERSION = YES;
				CLANG_WARN_NON_LITERAL_NULL_CONVERSION = YES;
				CLANG_WARN_OBJC_IMPLICIT_RETAIN_SELF = YES;
				CLANG_WARN_OBJC_LITERAL_CONVERSION = YES;
				CLANG_WARN_OBJC_ROOT_CLASS = YES_ERROR;
				CLANG_WARN_RANGE_LOOP_ANALYSIS = YES;
				CLANG_WARN_STRICT_PROTOTYPES = YES;
				CLANG_WARN_SUSPICIOUS_MOVE = YES;
				CLANG_WARN_UNGUARDED_AVAILABILITY = YES_AGGRESSIVE;
				CLANG_WARN_UNREACHABLE_CODE = YES;
				CLANG_WARN__DUPLICATE_METHOD_MATCH = YES;
				COPY_PHASE_STRIP = NO;
				DEBUG_INFORMATION_FORMAT = "dwarf-with-dsym";
				ENABLE_NS_ASSERTIONS = NO;
				ENABLE_STRICT_OBJC_MSGSEND = YES;
				GCC_C_LANGUAGE_STANDARD = gnu11;
				GCC_NO_COMMON_BLOCKS = YES;
				GCC_WARN_64_TO_32_BIT_CONVERSION = YES;
				GCC_WARN_ABOUT_RETURN_TYPE = YES_ERROR;
				GCC_WARN_UNDECLARED_SELECTOR = YES;
				GCC_WARN_UNINITIALIZED_AUTOS = YES_AGGRESSIVE;
				GCC_WARN_UNUSED_FUNCTION = YES;
				GCC_WARN_UNUSED_VARIABLE = YES;
				IPHONEOS_DEPLOYMENT_TARGET = 13.2;
				MTL_ENABLE_DEBUG_INFO = NO;
				MTL_FAST_MATH = YES;
				SDKROOT = iphoneos;
				SWIFT_COMPILATION_MODE = wholemodule;
				SWIFT_OPTIMIZATION_LEVEL = "-O";
				VALIDATE_PRODUCT = YES;
			};
			name = Release;
		};
		329DE6AC24975772008957DA /* Debug */ = {
			isa = XCBuildConfiguration;
			buildSettings = {
				ASSETCATALOG_COMPILER_APPICON_NAME = AppIcon;
				CODE_SIGN_STYLE = Automatic;
				DEVELOPMENT_ASSET_PATHS = "\"SpellingCheck/Preview Content\"";
				ENABLE_PREVIEWS = YES;
				INFOPLIST_FILE = SpellingCheck/Info.plist;
				LD_RUNPATH_SEARCH_PATHS = (
					"$(inherited)",
					"@executable_path/Frameworks",
				);
				PRODUCT_BUNDLE_IDENTIFIER = YS.SpellingCheck;
				PRODUCT_NAME = "$(TARGET_NAME)";
				SWIFT_VERSION = 5.0;
				TARGETED_DEVICE_FAMILY = "1,2";
			};
			name = Debug;
		};
		329DE6AD24975772008957DA /* Release */ = {
			isa = XCBuildConfiguration;
			buildSettings = {
				ASSETCATALOG_COMPILER_APPICON_NAME = AppIcon;
				CODE_SIGN_STYLE = Automatic;
				DEVELOPMENT_ASSET_PATHS = "\"SpellingCheck/Preview Content\"";
				ENABLE_PREVIEWS = YES;
				INFOPLIST_FILE = SpellingCheck/Info.plist;
				LD_RUNPATH_SEARCH_PATHS = (
					"$(inherited)",
					"@executable_path/Frameworks",
				);
				PRODUCT_BUNDLE_IDENTIFIER = YS.SpellingCheck;
				PRODUCT_NAME = "$(TARGET_NAME)";
				SWIFT_VERSION = 5.0;
				TARGETED_DEVICE_FAMILY = "1,2";
			};
			name = Release;
		};
/* End XCBuildConfiguration section */

/* Begin XCConfigurationList section */
		329DE6922497576F008957DA /* Build configuration list for PBXProject "SpellingCheck" */ = {
			isa = XCConfigurationList;
			buildConfigurations = (
				329DE6A924975772008957DA /* Debug */,
				329DE6AA24975772008957DA /* Release */,
			);
			defaultConfigurationIsVisible = 0;
			defaultConfigurationName = Release;
		};
		329DE6AB24975772008957DA /* Build configuration list for PBXNativeTarget "SpellingCheck" */ = {
			isa = XCConfigurationList;
			buildConfigurations = (
				329DE6AC24975772008957DA /* Debug */,
				329DE6AD24975772008957DA /* Release */,
			);
			defaultConfigurationIsVisible = 0;
			defaultConfigurationName = Release;
		};
/* End XCConfigurationList section */
	};
	rootObject = 329DE68F2497576F008957DA /* Project object */;
}
